// !$*UTF8*$!
{
	archiveVersion = 1;
	classes = {
	};
	objectVersion = 50;
	objects = {

/* Begin PBXBuildFile section */
		E43FAF8C253B491200C9C0B6 /* main.cpp in Sources */ = {isa = PBXBuildFile; fileRef = E43FAF8B253B491200C9C0B6 /* main.cpp */; };
		E43FAF95253B4C4B00C9C0B6 /* UserException.cpp in Sources */ = {isa = PBXBuildFile; fileRef = E43FAF93253B4C4B00C9C0B6 /* UserException.cpp */; };
		E43FAF9C253B571700C9C0B6 /* LoginCommand.cpp in Sources */ = {isa = PBXBuildFile; fileRef = E43FAF9A253B571700C9C0B6 /* LoginCommand.cpp */; };
		E442D0912543330F00F80790 /* libcurl.tbd in Frameworks */ = {isa = PBXBuildFile; fileRef = E48E72282543302500D604EE /* libcurl.tbd */; };
		E442D098254428CF00F80790 /* libcurlpp.dylib in Frameworks */ = {isa = PBXBuildFile; fileRef = E442D097254428CF00F80790 /* libcurlpp.dylib */; };
		E442D09B25442E5500F80790 /* SettingsStore.cpp in Sources */ = {isa = PBXBuildFile; fileRef = E442D09925442E5500F80790 /* SettingsStore.cpp */; };
		E442D09E2544550B00F80790 /* RecordCommand.cpp in Sources */ = {isa = PBXBuildFile; fileRef = E442D09C2544550B00F80790 /* RecordCommand.cpp */; };
		E442D0A125445C4500F80790 /* QueryCommand.cpp in Sources */ = {isa = PBXBuildFile; fileRef = E442D09F25445C4500F80790 /* QueryCommand.cpp */; };
		E4464DDD254DBBBE00A73039 /* AddUserCommand.cpp in Sources */ = {isa = PBXBuildFile; fileRef = E4464DDB254DBBBE00A73039 /* AddUserCommand.cpp */; };
		E494BACA254322C300175E38 /* HTTPClient.cpp in Sources */ = {isa = PBXBuildFile; fileRef = E494BAC8254322C300175E38 /* HTTPClient.cpp */; };
/* End PBXBuildFile section */

/* Begin PBXCopyFilesBuildPhase section */
		E43FAF86253B491100C9C0B6 /* CopyFiles */ = {
			isa = PBXCopyFilesBuildPhase;
			buildActionMask = 2147483647;
			dstPath = /usr/share/man/man1/;
			dstSubfolderSpec = 0;
			files = (
			);
			runOnlyForDeploymentPostprocessing = 1;
		};
		E442D0952543332F00F80790 /* Embed Libraries */ = {
			isa = PBXCopyFilesBuildPhase;
			buildActionMask = 2147483647;
			dstPath = "";
			dstSubfolderSpec = 10;
			files = (
			);
			name = "Embed Libraries";
			runOnlyForDeploymentPostprocessing = 0;
		};
/* End PBXCopyFilesBuildPhase section */

/* Begin PBXFileReference section */
		E43FAF88253B491100C9C0B6 /* StatsClient */ = {isa = PBXFileReference; explicitFileType = "compiled.mach-o.executable"; includeInIndex = 0; path = StatsClient; sourceTree = BUILT_PRODUCTS_DIR; };
		E43FAF8B253B491200C9C0B6 /* main.cpp */ = {isa = PBXFileReference; lastKnownFileType = sourcecode.cpp.cpp; path = main.cpp; sourceTree = "<group>"; };
		E43FAF92253B4A9800C9C0B6 /* .gitignore */ = {isa = PBXFileReference; lastKnownFileType = text; path = .gitignore; sourceTree = "<group>"; };
		E43FAF93253B4C4B00C9C0B6 /* UserException.cpp */ = {isa = PBXFileReference; lastKnownFileType = sourcecode.cpp.cpp; path = UserException.cpp; sourceTree = "<group>"; };
		E43FAF94253B4C4B00C9C0B6 /* UserException.hpp */ = {isa = PBXFileReference; lastKnownFileType = sourcecode.cpp.h; path = UserException.hpp; sourceTree = "<group>"; };
		E43FAF98253B501200C9C0B6 /* Command.hpp */ = {isa = PBXFileReference; lastKnownFileType = sourcecode.cpp.h; path = Command.hpp; sourceTree = "<group>"; };
		E43FAF9A253B571700C9C0B6 /* LoginCommand.cpp */ = {isa = PBXFileReference; lastKnownFileType = sourcecode.cpp.cpp; path = LoginCommand.cpp; sourceTree = "<group>"; };
		E43FAF9B253B571700C9C0B6 /* LoginCommand.hpp */ = {isa = PBXFileReference; lastKnownFileType = sourcecode.cpp.h; path = LoginCommand.hpp; sourceTree = "<group>"; };
		E442D097254428CF00F80790 /* libcurlpp.dylib */ = {isa = PBXFileReference; lastKnownFileType = "compiled.mach-o.dylib"; name = libcurlpp.dylib; path = Frameworks/libcurlpp.dylib; sourceTree = "<group>"; };
		E442D09925442E5500F80790 /* SettingsStore.cpp */ = {isa = PBXFileReference; lastKnownFileType = sourcecode.cpp.cpp; path = SettingsStore.cpp; sourceTree = "<group>"; };
		E442D09A25442E5500F80790 /* SettingsStore.hpp */ = {isa = PBXFileReference; lastKnownFileType = sourcecode.cpp.h; path = SettingsStore.hpp; sourceTree = "<group>"; };
		E442D09C2544550B00F80790 /* RecordCommand.cpp */ = {isa = PBXFileReference; lastKnownFileType = sourcecode.cpp.cpp; path = RecordCommand.cpp; sourceTree = "<group>"; };
		E442D09D2544550B00F80790 /* RecordCommand.hpp */ = {isa = PBXFileReference; lastKnownFileType = sourcecode.cpp.h; path = RecordCommand.hpp; sourceTree = "<group>"; };
		E442D09F25445C4500F80790 /* QueryCommand.cpp */ = {isa = PBXFileReference; lastKnownFileType = sourcecode.cpp.cpp; path = QueryCommand.cpp; sourceTree = "<group>"; };
		E442D0A025445C4500F80790 /* QueryCommand.hpp */ = {isa = PBXFileReference; lastKnownFileType = sourcecode.cpp.h; path = QueryCommand.hpp; sourceTree = "<group>"; };
		E4464DDB254DBBBE00A73039 /* AddUserCommand.cpp */ = {isa = PBXFileReference; lastKnownFileType = sourcecode.cpp.cpp; path = AddUserCommand.cpp; sourceTree = "<group>"; };
		E4464DDC254DBBBE00A73039 /* AddUserCommand.hpp */ = {isa = PBXFileReference; lastKnownFileType = sourcecode.cpp.h; path = AddUserCommand.hpp; sourceTree = "<group>"; };
		E48E72282543302500D604EE /* libcurl.tbd */ = {isa = PBXFileReference; lastKnownFileType = "sourcecode.text-based-dylib-definition"; name = libcurl.tbd; path = usr/lib/libcurl.tbd; sourceTree = SDKROOT; };
		E494BAC8254322C300175E38 /* HTTPClient.cpp */ = {isa = PBXFileReference; lastKnownFileType = sourcecode.cpp.cpp; path = HTTPClient.cpp; sourceTree = "<group>"; };
		E494BAC9254322C300175E38 /* HTTPClient.hpp */ = {isa = PBXFileReference; lastKnownFileType = sourcecode.cpp.h; path = HTTPClient.hpp; sourceTree = "<group>"; };
/* End PBXFileReference section */

/* Begin PBXFrameworksBuildPhase section */
		E43FAF85253B491100C9C0B6 /* Frameworks */ = {
			isa = PBXFrameworksBuildPhase;
			buildActionMask = 2147483647;
			files = (
				E442D098254428CF00F80790 /* libcurlpp.dylib in Frameworks */,
				E442D0912543330F00F80790 /* libcurl.tbd in Frameworks */,
			);
			runOnlyForDeploymentPostprocessing = 0;
		};
/* End PBXFrameworksBuildPhase section */

/* Begin PBXGroup section */
		E43FAF7F253B491100C9C0B6 = {
			isa = PBXGroup;
			children = (
				E43FAF92253B4A9800C9C0B6 /* .gitignore */,
				E43FAF8A253B491100C9C0B6 /* StatsClient */,
				E43FAF89253B491100C9C0B6 /* Products */,
				E48E721F25432BD500D604EE /* Frameworks */,
			);
			sourceTree = "<group>";
		};
		E43FAF89253B491100C9C0B6 /* Products */ = {
			isa = PBXGroup;
			children = (
				E43FAF88253B491100C9C0B6 /* StatsClient */,
			);
			name = Products;
			sourceTree = "<group>";
		};
		E43FAF8A253B491100C9C0B6 /* StatsClient */ = {
			isa = PBXGroup;
			children = (
				E43FAF96253B4FF800C9C0B6 /* Commands */,
				E43FAF8B253B491200C9C0B6 /* main.cpp */,
				E43FAF93253B4C4B00C9C0B6 /* UserException.cpp */,
				E43FAF94253B4C4B00C9C0B6 /* UserException.hpp */,
				E494BAC8254322C300175E38 /* HTTPClient.cpp */,
				E494BAC9254322C300175E38 /* HTTPClient.hpp */,
				E442D09925442E5500F80790 /* SettingsStore.cpp */,
				E442D09A25442E5500F80790 /* SettingsStore.hpp */,
			);
			path = StatsClient;
			sourceTree = "<group>";
		};
		E43FAF96253B4FF800C9C0B6 /* Commands */ = {
			isa = PBXGroup;
			children = (
				E43FAF98253B501200C9C0B6 /* Command.hpp */,
				E43FAF9A253B571700C9C0B6 /* LoginCommand.cpp */,
				E43FAF9B253B571700C9C0B6 /* LoginCommand.hpp */,
				E442D09C2544550B00F80790 /* RecordCommand.cpp */,
				E442D09D2544550B00F80790 /* RecordCommand.hpp */,
				E442D09F25445C4500F80790 /* QueryCommand.cpp */,
				E442D0A025445C4500F80790 /* QueryCommand.hpp */,
				E4464DDB254DBBBE00A73039 /* AddUserCommand.cpp */,
				E4464DDC254DBBBE00A73039 /* AddUserCommand.hpp */,
			);
			path = Commands;
			sourceTree = "<group>";
		};
		E48E721F25432BD500D604EE /* Frameworks */ = {
			isa = PBXGroup;
			children = (
				E48E72282543302500D604EE /* libcurl.tbd */,
				E442D097254428CF00F80790 /* libcurlpp.dylib */,
			);
			name = Frameworks;
			sourceTree = "<group>";
		};
/* End PBXGroup section */

/* Begin PBXNativeTarget section */
		E43FAF87253B491100C9C0B6 /* StatsClient */ = {
			isa = PBXNativeTarget;
			buildConfigurationList = E43FAF8F253B491200C9C0B6 /* Build configuration list for PBXNativeTarget "StatsClient" */;
			buildPhases = (
				E43FAF84253B491100C9C0B6 /* Sources */,
				E43FAF85253B491100C9C0B6 /* Frameworks */,
				E43FAF86253B491100C9C0B6 /* CopyFiles */,
				E442D0952543332F00F80790 /* Embed Libraries */,
			);
			buildRules = (
			);
			dependencies = (
			);
			name = StatsClient;
			productName = StatsClient;
			productReference = E43FAF88253B491100C9C0B6 /* StatsClient */;
			productType = "com.apple.product-type.tool";
		};
/* End PBXNativeTarget section */

/* Begin PBXProject section */
		E43FAF80253B491100C9C0B6 /* Project object */ = {
			isa = PBXProject;
			attributes = {
				LastUpgradeCheck = 1130;
				ORGANIZATIONNAME = "Itay Fintz";
				TargetAttributes = {
					E43FAF87253B491100C9C0B6 = {
						CreatedOnToolsVersion = 11.3.1;
					};
				};
			};
			buildConfigurationList = E43FAF83253B491100C9C0B6 /* Build configuration list for PBXProject "StatsClient" */;
			compatibilityVersion = "Xcode 9.3";
			developmentRegion = en;
			hasScannedForEncodings = 0;
			knownRegions = (
				en,
				Base,
			);
			mainGroup = E43FAF7F253B491100C9C0B6;
			productRefGroup = E43FAF89253B491100C9C0B6 /* Products */;
			projectDirPath = "";
			projectRoot = "";
			targets = (
				E43FAF87253B491100C9C0B6 /* StatsClient */,
			);
		};
/* End PBXProject section */

/* Begin PBXSourcesBuildPhase section */
		E43FAF84253B491100C9C0B6 /* Sources */ = {
			isa = PBXSourcesBuildPhase;
			buildActionMask = 2147483647;
			files = (
				E43FAF95253B4C4B00C9C0B6 /* UserException.cpp in Sources */,
				E43FAF8C253B491200C9C0B6 /* main.cpp in Sources */,
				E4464DDD254DBBBE00A73039 /* AddUserCommand.cpp in Sources */,
				E442D09B25442E5500F80790 /* SettingsStore.cpp in Sources */,
				E494BACA254322C300175E38 /* HTTPClient.cpp in Sources */,
				E442D0A125445C4500F80790 /* QueryCommand.cpp in Sources */,
				E442D09E2544550B00F80790 /* RecordCommand.cpp in Sources */,
				E43FAF9C253B571700C9C0B6 /* LoginCommand.cpp in Sources */,
			);
			runOnlyForDeploymentPostprocessing = 0;
		};
/* End PBXSourcesBuildPhase section */

/* Begin XCBuildConfiguration section */
		E43FAF8D253B491200C9C0B6 /* Debug */ = {
			isa = XCBuildConfiguration;
			buildSettings = {
				ALWAYS_SEARCH_USER_PATHS = NO;
				CLANG_ANALYZER_NONNULL = YES;
				CLANG_ANALYZER_NUMBER_OBJECT_CONVERSION = YES_AGGRESSIVE;
				CLANG_CXX_LANGUAGE_STANDARD = "gnu++14";
				CLANG_CXX_LIBRARY = "libc++";
				CLANG_ENABLE_MODULES = YES;
				CLANG_ENABLE_OBJC_ARC = YES;
				CLANG_ENABLE_OBJC_WEAK = YES;
				CLANG_WARN_BLOCK_CAPTURE_AUTORELEASING = YES;
				CLANG_WARN_BOOL_CONVERSION = YES;
				CLANG_WARN_COMMA = YES;
				CLANG_WARN_CONSTANT_CONVERSION = YES;
				CLANG_WARN_DEPRECATED_OBJC_IMPLEMENTATIONS = YES;
				CLANG_WARN_DIRECT_OBJC_ISA_USAGE = YES_ERROR;
				CLANG_WARN_DOCUMENTATION_COMMENTS = YES;
				CLANG_WARN_EMPTY_BODY = YES;
				CLANG_WARN_ENUM_CONVERSION = YES;
				CLANG_WARN_INFINITE_RECURSION = YES;
				CLANG_WARN_INT_CONVERSION = YES;
				CLANG_WARN_NON_LITERAL_NULL_CONVERSION = YES;
				CLANG_WARN_OBJC_IMPLICIT_RETAIN_SELF = YES;
				CLANG_WARN_OBJC_LITERAL_CONVERSION = YES;
				CLANG_WARN_OBJC_ROOT_CLASS = YES_ERROR;
				CLANG_WARN_RANGE_LOOP_ANALYSIS = YES;
				CLANG_WARN_STRICT_PROTOTYPES = YES;
				CLANG_WARN_SUSPICIOUS_MOVE = YES;
				CLANG_WARN_UNGUARDED_AVAILABILITY = YES_AGGRESSIVE;
				CLANG_WARN_UNREACHABLE_CODE = YES;
				CLANG_WARN__DUPLICATE_METHOD_MATCH = YES;
				COPY_PHASE_STRIP = NO;
				DEBUG_INFORMATION_FORMAT = dwarf;
				ENABLE_STRICT_OBJC_MSGSEND = YES;
				ENABLE_TESTABILITY = YES;
				GCC_C_LANGUAGE_STANDARD = gnu11;
				GCC_DYNAMIC_NO_PIC = NO;
				GCC_NO_COMMON_BLOCKS = YES;
				GCC_OPTIMIZATION_LEVEL = 0;
				GCC_PREPROCESSOR_DEFINITIONS = (
					"DEBUG=1",
					"$(inherited)",
				);
				GCC_WARN_64_TO_32_BIT_CONVERSION = YES;
				GCC_WARN_ABOUT_RETURN_TYPE = YES_ERROR;
				GCC_WARN_UNDECLARED_SELECTOR = YES;
				GCC_WARN_UNINITIALIZED_AUTOS = YES_AGGRESSIVE;
				GCC_WARN_UNUSED_FUNCTION = YES;
				GCC_WARN_UNUSED_VARIABLE = YES;
				"HEADER_SEARCH_PATHS[arch=*]" = /usr/local/include/;
				MACOSX_DEPLOYMENT_TARGET = 10.14;
				MTL_ENABLE_DEBUG_INFO = INCLUDE_SOURCE;
				MTL_FAST_MATH = YES;
				ONLY_ACTIVE_ARCH = YES;
				SDKROOT = macosx;
			};
			name = Debug;
		};
		E43FAF8E253B491200C9C0B6 /* Release */ = {
			isa = XCBuildConfiguration;
			buildSettings = {
				ALWAYS_SEARCH_USER_PATHS = NO;
				CLANG_ANALYZER_NONNULL = YES;
				CLANG_ANALYZER_NUMBER_OBJECT_CONVERSION = YES_AGGRESSIVE;
				CLANG_CXX_LANGUAGE_STANDARD = "gnu++14";
				CLANG_CXX_LIBRARY = "libc++";
				CLANG_ENABLE_MODULES = YES;
				CLANG_ENABLE_OBJC_ARC = YES;
				CLANG_ENABLE_OBJC_WEAK = YES;
				CLANG_WARN_BLOCK_CAPTURE_AUTORELEASING = YES;
				CLANG_WARN_BOOL_CONVERSION = YES;
				CLANG_WARN_COMMA = YES;
				CLANG_WARN_CONSTANT_CONVERSION = YES;
				CLANG_WARN_DEPRECATED_OBJC_IMPLEMENTATIONS = YES;
				CLANG_WARN_DIRECT_OBJC_ISA_USAGE = YES_ERROR;
				CLANG_WARN_DOCUMENTATION_COMMENTS = YES;
				CLANG_WARN_EMPTY_BODY = YES;
				CLANG_WARN_ENUM_CONVERSION = YES;
				CLANG_WARN_INFINITE_RECURSION = YES;
				CLANG_WARN_INT_CONVERSION = YES;
				CLANG_WARN_NON_LITERAL_NULL_CONVERSION = YES;
				CLANG_WARN_OBJC_IMPLICIT_RETAIN_SELF = YES;
				CLANG_WARN_OBJC_LITERAL_CONVERSION = YES;
				CLANG_WARN_OBJC_ROOT_CLASS = YES_ERROR;
				CLANG_WARN_RANGE_LOOP_ANALYSIS = YES;
				CLANG_WARN_STRICT_PROTOTYPES = YES;
				CLANG_WARN_SUSPICIOUS_MOVE = YES;
				CLANG_WARN_UNGUARDED_AVAILABILITY = YES_AGGRESSIVE;
				CLANG_WARN_UNREACHABLE_CODE = YES;
				CLANG_WARN__DUPLICATE_METHOD_MATCH = YES;
				COPY_PHASE_STRIP = NO;
				DEBUG_INFORMATION_FORMAT = "dwarf-with-dsym";
				ENABLE_NS_ASSERTIONS = NO;
				ENABLE_STRICT_OBJC_MSGSEND = YES;
				GCC_C_LANGUAGE_STANDARD = gnu11;
				GCC_NO_COMMON_BLOCKS = YES;
				GCC_WARN_64_TO_32_BIT_CONVERSION = YES;
				GCC_WARN_ABOUT_RETURN_TYPE = YES_ERROR;
				GCC_WARN_UNDECLARED_SELECTOR = YES;
				GCC_WARN_UNINITIALIZED_AUTOS = YES_AGGRESSIVE;
				GCC_WARN_UNUSED_FUNCTION = YES;
				GCC_WARN_UNUSED_VARIABLE = YES;
				"HEADER_SEARCH_PATHS[arch=*]" = /usr/local/include/;
				MACOSX_DEPLOYMENT_TARGET = 10.14;
				MTL_ENABLE_DEBUG_INFO = NO;
				MTL_FAST_MATH = YES;
				SDKROOT = macosx;
			};
			name = Release;
		};
		E43FAF90253B491200C9C0B6 /* Debug */ = {
			isa = XCBuildConfiguration;
			buildSettings = {
				CLANG_ADDRESS_SANITIZER_CONTAINER_OVERFLOW = YES;
				CLANG_UNDEFINED_BEHAVIOR_SANITIZER_INTEGER = YES;
				CLANG_UNDEFINED_BEHAVIOR_SANITIZER_NULLABILITY = YES;
				CODE_SIGN_STYLE = Automatic;
				"HEADER_SEARCH_PATHS[arch=*]" = /usr/local/include/;
				LIBRARY_SEARCH_PATHS = (
					"$(inherited)",
					"$(PROJECT_DIR)/Frameworks",
				);
				PRODUCT_NAME = "$(TARGET_NAME)";
			};
			name = Debug;
		};
		E43FAF91253B491200C9C0B6 /* Release */ = {
			isa = XCBuildConfiguration;
			buildSettings = {
				CLANG_ADDRESS_SANITIZER_CONTAINER_OVERFLOW = YES;
				CLANG_UNDEFINED_BEHAVIOR_SANITIZER_INTEGER = YES;
				CLANG_UNDEFINED_BEHAVIOR_SANITIZER_NULLABILITY = YES;
				CODE_SIGN_STYLE = Automatic;
				"HEADER_SEARCH_PATHS[arch=*]" = /usr/local/include/;
				LIBRARY_SEARCH_PATHS = (
					"$(inherited)",
					"$(PROJECT_DIR)/Frameworks",
				);
				PRODUCT_NAME = "$(TARGET_NAME)";
			};
			name = Release;
		};
/* End XCBuildConfiguration section */

/* Begin XCConfigurationList section */
		E43FAF83253B491100C9C0B6 /* Build configuration list for PBXProject "StatsClient" */ = {
			isa = XCConfigurationList;
			buildConfigurations = (
				E43FAF8D253B491200C9C0B6 /* Debug */,
				E43FAF8E253B491200C9C0B6 /* Release */,
			);
			defaultConfigurationIsVisible = 0;
			defaultConfigurationName = Release;
		};
		E43FAF8F253B491200C9C0B6 /* Build configuration list for PBXNativeTarget "StatsClient" */ = {
			isa = XCConfigurationList;
			buildConfigurations = (
				E43FAF90253B491200C9C0B6 /* Debug */,
				E43FAF91253B491200C9C0B6 /* Release */,
			);
			defaultConfigurationIsVisible = 0;
			defaultConfigurationName = Release;
		};
/* End XCConfigurationList section */
	};
	rootObject = E43FAF80253B491100C9C0B6 /* Project object */;
}
